<?xml version="1.0" encoding="utf-8"?>
<Project ToolsVersion="4.0" xmlns="http://schemas.microsoft.com/developer/msbuild/2003">
  <ItemGroup>
    <Filter Include="Source Files">
      <UniqueIdentifier>{4FC737F1-C7A5-4376-A066-2A32D752A2FF}</UniqueIdentifier>
      <Extensions>cpp;c;cc;cxx;def;odl;idl;hpj;bat;asm;asmx</Extensions>
    </Filter>
    <Filter Include="Source Files\Precompiled">
      <UniqueIdentifier>{da2a837e-e454-4c01-b719-6847e211848a}</UniqueIdentifier>
    </Filter>
    <Filter Include="Source Files\Postmaster">
      <UniqueIdentifier>{6658c7d2-f4fa-4cc9-8a3c-20c5f899fdf0}</UniqueIdentifier>
    </Filter>
    <Filter Include="Source Files\JSON">
      <UniqueIdentifier>{58fd77d0-20df-4e02-b7bb-727a4b6d4d80}</UniqueIdentifier>
    </Filter>
    <Filter Include="Source Files\Game">
      <UniqueIdentifier>{e11caafa-114c-44f2-ac0f-997ca4c583a7}</UniqueIdentifier>
    </Filter>
    <Filter Include="Source Files\Game\ECS">
      <UniqueIdentifier>{5d5e3802-98d5-42ce-af72-d546f020f7ca}</UniqueIdentifier>
    </Filter>
    <Filter Include="Source Files\Game\ECS\Components">
      <UniqueIdentifier>{5a56085f-8aaf-493e-9752-666d44a7c56f}</UniqueIdentifier>
    </Filter>
    <Filter Include="Source Files\Game\ECS\Systems">
      <UniqueIdentifier>{2dc0176a-1fb3-4f91-bdd8-53c2784a4a5d}</UniqueIdentifier>
    </Filter>
  </ItemGroup>
  <ItemGroup>
    <ClInclude Include="framework.h">
      <Filter>Source Files\Precompiled</Filter>
    </ClInclude>
    <ClInclude Include="pch.h">
      <Filter>Source Files\Precompiled</Filter>
    </ClInclude>
    <ClInclude Include="Game.h">
      <Filter>Source Files</Filter>
    </ClInclude>
    <ClInclude Include="macro.h">
      <Filter>Source Files\Precompiled</Filter>
    </ClInclude>
    <ClInclude Include="Observer.h">
      <Filter>Source Files\Postmaster</Filter>
    </ClInclude>
    <ClInclude Include="Postmaster.h">
      <Filter>Source Files\Postmaster</Filter>
    </ClInclude>
    <ClInclude Include="eMessageTypes.h">
      <Filter>Source Files\Postmaster</Filter>
    </ClInclude>
    <ClInclude Include="resource.h" />
    <ClInclude Include="Expose.h">
      <Filter>Source Files\JSON</Filter>
    </ClInclude>
    <ClInclude Include="JsonExposedTemplate.h">
      <Filter>Source Files\JSON</Filter>
    </ClInclude>
    <ClInclude Include="JsonExposedType.h">
      <Filter>Source Files\JSON</Filter>
    </ClInclude>
    <ClInclude Include="JsonManager.h">
      <Filter>Source Files\JSON</Filter>
    </ClInclude>
    <ClInclude Include="JsonExposedVariable.h">
      <Filter>Source Files\JSON</Filter>
    </ClInclude>
    <ClInclude Include="GameManager.h">
      <Filter>Source Files\Game</Filter>
    </ClInclude>
    <ClInclude Include="Level.h">
      <Filter>Source Files\Game</Filter>
    </ClInclude>
    <ClInclude Include="Globals.h">
      <Filter>Source Files\Game</Filter>
    </ClInclude>
    <ClInclude Include="Editor.h">
      <Filter>Source Files</Filter>
    </ClInclude>
    <ClInclude Include="Sprite.h">
      <Filter>Source Files\Game\ECS\Components</Filter>
    </ClInclude>
    <ClInclude Include="Component.h">
      <Filter>Source Files\Game\ECS\Components</Filter>
    </ClInclude>
    <ClInclude Include="System.h">
      <Filter>Source Files\Game\ECS\Systems</Filter>
    </ClInclude>
    <ClInclude Include="Process.h">
      <Filter>Source Files</Filter>
    </ClInclude>
    <ClInclude Include="SpriteRenderSystem.h">
      <Filter>Source Files\Game\ECS\Systems</Filter>
    </ClInclude>
    <ClInclude Include="Entity.h">
      <Filter>Source Files\Game\ECS</Filter>
    </ClInclude>
    <ClInclude Include="SystemInclude.h">
      <Filter>Source Files\Game\ECS\Systems</Filter>
    </ClInclude>
    <ClInclude Include="CollisionSystem.h">
      <Filter>Source Files\Game\ECS\Systems</Filter>
    </ClInclude>
    <ClInclude Include="Collider.h">
      <Filter>Source Files\Game\ECS\Components</Filter>
    </ClInclude>
    <ClInclude Include="ComponentInclude.h">
      <Filter>Source Files\Game\ECS\Components</Filter>
    </ClInclude>
    <ClInclude Include="Transform.h">
      <Filter>Source Files\Game\ECS\Components</Filter>
    </ClInclude>
    <ClInclude Include="CameraComponent.h">
      <Filter>Source Files\Game\ECS\Components</Filter>
    </ClInclude>
    <ClInclude Include="PlayerController.h">
      <Filter>Source Files\Game\ECS\Components</Filter>
    </ClInclude>
    <ClInclude Include="InputDispatcher.h">
      <Filter>Source Files\Game</Filter>
    </ClInclude>
    <ClInclude Include="Time.h">
      <Filter>Source Files</Filter>
    </ClInclude>
    <ClInclude Include="Rigidbody.h">
      <Filter>Source Files\Game\ECS\Components</Filter>
    </ClInclude>
    <ClInclude Include="Random.h">
      <Filter>Source Files</Filter>
    </ClInclude>
    <ClInclude Include="SceneManager.h" />
    <ClInclude Include="CameraSystem.h">
      <Filter>Source Files\Game\ECS\Systems</Filter>
    </ClInclude>
    <ClInclude Include="EditorSystem.h">
      <Filter>Source Files\Game\ECS\Systems</Filter>
    </ClInclude>
    <ClInclude Include="EditorController.h">
      <Filter>Source Files\Game\ECS\Components</Filter>
    </ClInclude>
    <ClInclude Include="EntityPickingComponent.h">
      <Filter>Source Files\Game\ECS\Components</Filter>
    </ClInclude>
    <ClInclude Include="EntityPickingSystem.h">
      <Filter>Source Files\Game\ECS\Systems</Filter>
    </ClInclude>
    <ClInclude Include="IComponent.h">
      <Filter>Source Files\Game\ECS\Components</Filter>
    </ClInclude>
    <ClInclude Include="ComponentIDManager.h" />
    <ClInclude Include="ComponentExposer.h">
      <Filter>Source Files\Game\ECS</Filter>
    </ClInclude>
  </ItemGroup>
  <ItemGroup>
    <ClCompile Include="pch.cpp">
      <Filter>Source Files\Precompiled</Filter>
    </ClCompile>
    <ClCompile Include="Game.cpp">
      <Filter>Source Files</Filter>
    </ClCompile>
    <ClCompile Include="Postmaster.cpp">
      <Filter>Source Files\Postmaster</Filter>
    </ClCompile>
    <ClCompile Include="JsonManager.cpp">
      <Filter>Source Files\JSON</Filter>
    </ClCompile>
    <ClCompile Include="GameManager.cpp">
      <Filter>Source Files\Game</Filter>
    </ClCompile>
    <ClCompile Include="Level.cpp">
      <Filter>Source Files\Game</Filter>
    </ClCompile>
    <ClCompile Include="Editor.cpp">
      <Filter>Source Files</Filter>
    </ClCompile>
    <ClCompile Include="Component.cpp">
      <Filter>Source Files\Game\ECS\Components</Filter>
    </ClCompile>
    <ClCompile Include="Sprite.cpp">
      <Filter>Source Files\Game\ECS\Components</Filter>
    </ClCompile>
    <ClCompile Include="System.cpp">
      <Filter>Source Files\Game\ECS\Systems</Filter>
    </ClCompile>
    <ClCompile Include="Process.cpp">
      <Filter>Source Files</Filter>
    </ClCompile>
    <ClCompile Include="SpriteRenderSystem.cpp">
      <Filter>Source Files\Game\ECS\Systems</Filter>
    </ClCompile>
    <ClCompile Include="Entity.cpp">
      <Filter>Source Files\Game\ECS</Filter>
    </ClCompile>
    <ClCompile Include="CollisionSystem.cpp">
      <Filter>Source Files\Game\ECS\Systems</Filter>
    </ClCompile>
    <ClCompile Include="Collider.cpp">
      <Filter>Source Files\Game\ECS\Components</Filter>
    </ClCompile>
    <ClCompile Include="Transform.cpp">
      <Filter>Source Files\Game\ECS\Components</Filter>
    </ClCompile>
    <ClCompile Include="PlayerController.cpp">
      <Filter>Source Files\Game\ECS\Components</Filter>
    </ClCompile>
    <ClCompile Include="CameraComponent.cpp">
      <Filter>Source Files\Game\ECS\Components</Filter>
    </ClCompile>
    <ClCompile Include="InputDispatcher.cpp">
      <Filter>Source Files\Game</Filter>
    </ClCompile>
    <ClCompile Include="Rigidbody.cpp">
      <Filter>Source Files\Game\ECS\Components</Filter>
    </ClCompile>
    <ClCompile Include="Random.cpp">
      <Filter>Source Files</Filter>
    </ClCompile>
    <ClCompile Include="SceneManager.cpp">
      <Filter>Source Files</Filter>
    </ClCompile>
    <ClCompile Include="CameraSystem.cpp">
      <Filter>Source Files\Game\ECS\Systems</Filter>
    </ClCompile>
    <ClCompile Include="EditorSystem.cpp">
      <Filter>Source Files\Game\ECS\Systems</Filter>
    </ClCompile>
    <ClCompile Include="EditorController.cpp">
      <Filter>Source Files\Game\ECS\Components</Filter>
    </ClCompile>
    <ClCompile Include="EntityPickingComponent.cpp">
      <Filter>Source Files\Game\ECS\Components</Filter>
    </ClCompile>
    <ClCompile Include="EntityPickingSystem.cpp">
      <Filter>Source Files\Game\ECS\Systems</Filter>
    </ClCompile>
    <ClCompile Include="Globals.cpp">
      <Filter>Source Files</Filter>
    </ClCompile>
    <ClCompile Include="ComponentIDManager.cpp">
      <Filter>Source Files</Filter>
    </ClCompile>
    <ClCompile Include="ComponentExposer.cpp">
      <Filter>Source Files\Game\ECS</Filter>
    </ClCompile>
  </ItemGroup>
  <ItemGroup>
    <None Include="packages.config" />
    <None Include="cpp.hint" />
  </ItemGroup>
</Project>